
Microsoft Visual Studio Solution File, Format Version 12.00
# Visual Studio Version 16
VisualStudioVersion = 16.0.30011.22
MinimumVisualStudioVersion = 10.0.40219.1
Project("{FAE04EC0-301F-11D3-BF4B-00C04F79EFBC}") = "Fitness.BL", "Fitness.BL\Fitness.BL.csproj", "{A808F7B1-CD18-4CDA-BFD8-8A2CCB0C1E4B}"
EndProject
Project("{FAE04EC0-301F-11D3-BF4B-00C04F79EFBC}") = "Fitness.CMD", "Fitness.CMD\Fitness.CMD.csproj", "{A365C895-741D-4826-B4EB-553FCDA0D746}"
EndProject
Project("{FAE04EC0-301F-11D3-BF4B-00C04F79EFBC}") = "Fitness.BLTests", "Fitness.BLTests\Fitness.BLTests.csproj", "{84C1B3D9-91B4-41F8-BABA-28EC761E3B2F}"
EndProject
Global
	GlobalSection(SolutionConfigurationPlatforms) = preSolution
		Debug|Any CPU = Debug|Any CPU
		Release|Any CPU = Release|Any CPU
	EndGlobalSection
	GlobalSection(ProjectConfigurationPlatforms) = postSolution
		{A808F7B1-CD18-4CDA-BFD8-8A2CCB0C1E4B}.Debug|Any CPU.ActiveCfg = Debug|Any CPU
		{A808F7B1-CD18-4CDA-BFD8-8A2CCB0C1E4B}.Debug|Any CPU.Build.0 = Debug|Any CPU
		{A808F7B1-CD18-4CDA-BFD8-8A2CCB0C1E4B}.Release|Any CPU.ActiveCfg = Release|Any CPU
		{A808F7B1-CD18-4CDA-BFD8-8A2CCB0C1E4B}.Release|Any CPU.Build.0 = Release|Any CPU
		{A365C895-741D-4826-B4EB-553FCDA0D746}.Debug|Any CPU.ActiveCfg = Debug|Any CPU
		{A365C895-741D-4826-B4EB-553FCDA0D746}.Debug|Any CPU.Build.0 = Debug|Any CPU
		{A365C895-741D-4826-B4EB-553FCDA0D746}.Release|Any CPU.ActiveCfg = Release|Any CPU
		{A365C895-741D-4826-B4EB-553FCDA0D746}.Release|Any CPU.Build.0 = Release|Any CPU
		{84C1B3D9-91B4-41F8-BABA-28EC761E3B2F}.Debug|Any CPU.ActiveCfg = Debug|Any CPU
		{84C1B3D9-91B4-41F8-BABA-28EC761E3B2F}.Debug|Any CPU.Build.0 = Debug|Any CPU
		{84C1B3D9-91B4-41F8-BABA-28EC761E3B2F}.Release|Any CPU.ActiveCfg = Release|Any CPU
		{84C1B3D9-91B4-41F8-BABA-28EC761E3B2F}.Release|Any CPU.Build.0 = Release|Any CPU
	EndGlobalSection
	GlobalSection(SolutionProperties) = preSolution
		HideSolutionNode = FALSE
	EndGlobalSection
	GlobalSection(ExtensibilityGlobals) = postSolution
		SolutionGuid = {C0EE81D0-578A-4DA4-9F15-F1891A3E0638}
	EndGlobalSection
EndGlobal
